
Microsoft Visual Studio Solution File, Format Version 12.00
# Visual Studio 14
VisualStudioVersion = 14.0.25420.1
MinimumVisualStudioVersion = 10.0.40219.1
Project("{2150E333-8FDC-42A3-9474-1A3956D46DE8}") = "1 - UI", "1 - UI", "{85252104-F61B-498B-A60D-80EC1F80C560}"
EndProject
Project("{2150E333-8FDC-42A3-9474-1A3956D46DE8}") = "2 - API", "2 - API", "{17A4B124-85B5-4F8D-8494-EA8DBDB35AE6}"
EndProject
Project("{2150E333-8FDC-42A3-9474-1A3956D46DE8}") = "3 - TEST", "3 - TEST", "{33882C55-7C2D-42A1-B9FA-9F2AC6FD1B5F}"
EndProject
Project("{2150E333-8FDC-42A3-9474-1A3956D46DE8}") = "4 - INTRASTRUCTURE", "4 - INTRASTRUCTURE", "{8D6A7B99-099A-47BE-99DB-32F56B02863B}"
EndProject
Project("{2150E333-8FDC-42A3-9474-1A3956D46DE8}") = "5 - CORE", "5 - CORE", "{4ED00AE5-80A4-4A41-B3CB-80A6A4E24154}"
EndProject
Project("{FAE04EC0-301F-11D3-BF4B-00C04F79EFBC}") = "Services", "Services\Services.csproj", "{31EB7DF4-5A5A-4DB6-BB93-4009E9A15840}"
EndProject
Project("{FAE04EC0-301F-11D3-BF4B-00C04F79EFBC}") = "Repository", "Repository\Repository.csproj", "{1CCAD374-6A36-4404-81B1-BAFBDD2DFF2C}"
EndProject
Project("{FAE04EC0-301F-11D3-BF4B-00C04F79EFBC}") = "Domain", "Domain\Domain.csproj", "{36AA5B44-7A3F-40FE-A86B-CB91122E6F1F}"
EndProject
Project("{FAE04EC0-301F-11D3-BF4B-00C04F79EFBC}") = "DAL", "DAL\DAL.csproj", "{54AE45CE-C159-4A49-89AD-F824FF426D44}"
EndProject
Project("{FAE04EC0-301F-11D3-BF4B-00C04F79EFBC}") = "RESTfulAPI", "RESTfulAPI\RESTfulAPI.csproj", "{5022F2A4-6ABA-4053-827F-F4FCA03F2152}"
EndProject
Global
	GlobalSection(SolutionConfigurationPlatforms) = preSolution
		Debug|Any CPU = Debug|Any CPU
		Release|Any CPU = Release|Any CPU
	EndGlobalSection
	GlobalSection(ProjectConfigurationPlatforms) = postSolution
		{31EB7DF4-5A5A-4DB6-BB93-4009E9A15840}.Debug|Any CPU.ActiveCfg = Debug|Any CPU
		{31EB7DF4-5A5A-4DB6-BB93-4009E9A15840}.Debug|Any CPU.Build.0 = Debug|Any CPU
		{31EB7DF4-5A5A-4DB6-BB93-4009E9A15840}.Release|Any CPU.ActiveCfg = Release|Any CPU
		{31EB7DF4-5A5A-4DB6-BB93-4009E9A15840}.Release|Any CPU.Build.0 = Release|Any CPU
		{1CCAD374-6A36-4404-81B1-BAFBDD2DFF2C}.Debug|Any CPU.ActiveCfg = Debug|Any CPU
		{1CCAD374-6A36-4404-81B1-BAFBDD2DFF2C}.Debug|Any CPU.Build.0 = Debug|Any CPU
		{1CCAD374-6A36-4404-81B1-BAFBDD2DFF2C}.Release|Any CPU.ActiveCfg = Release|Any CPU
		{1CCAD374-6A36-4404-81B1-BAFBDD2DFF2C}.Release|Any CPU.Build.0 = Release|Any CPU
		{36AA5B44-7A3F-40FE-A86B-CB91122E6F1F}.Debug|Any CPU.ActiveCfg = Debug|Any CPU
		{36AA5B44-7A3F-40FE-A86B-CB91122E6F1F}.Debug|Any CPU.Build.0 = Debug|Any CPU
		{36AA5B44-7A3F-40FE-A86B-CB91122E6F1F}.Release|Any CPU.ActiveCfg = Release|Any CPU
		{36AA5B44-7A3F-40FE-A86B-CB91122E6F1F}.Release|Any CPU.Build.0 = Release|Any CPU
		{54AE45CE-C159-4A49-89AD-F824FF426D44}.Debug|Any CPU.ActiveCfg = Debug|Any CPU
		{54AE45CE-C159-4A49-89AD-F824FF426D44}.Debug|Any CPU.Build.0 = Debug|Any CPU
		{54AE45CE-C159-4A49-89AD-F824FF426D44}.Release|Any CPU.ActiveCfg = Release|Any CPU
		{54AE45CE-C159-4A49-89AD-F824FF426D44}.Release|Any CPU.Build.0 = Release|Any CPU
		{5022F2A4-6ABA-4053-827F-F4FCA03F2152}.Debug|Any CPU.ActiveCfg = Debug|Any CPU
		{5022F2A4-6ABA-4053-827F-F4FCA03F2152}.Debug|Any CPU.Build.0 = Debug|Any CPU
		{5022F2A4-6ABA-4053-827F-F4FCA03F2152}.Release|Any CPU.ActiveCfg = Release|Any CPU
		{5022F2A4-6ABA-4053-827F-F4FCA03F2152}.Release|Any CPU.Build.0 = Release|Any CPU
	EndGlobalSection
	GlobalSection(SolutionProperties) = preSolution
		HideSolutionNode = FALSE
	EndGlobalSection
	GlobalSection(NestedProjects) = preSolution
		{31EB7DF4-5A5A-4DB6-BB93-4009E9A15840} = {4ED00AE5-80A4-4A41-B3CB-80A6A4E24154}
		{1CCAD374-6A36-4404-81B1-BAFBDD2DFF2C} = {4ED00AE5-80A4-4A41-B3CB-80A6A4E24154}
		{36AA5B44-7A3F-40FE-A86B-CB91122E6F1F} = {4ED00AE5-80A4-4A41-B3CB-80A6A4E24154}
		{54AE45CE-C159-4A49-89AD-F824FF426D44} = {8D6A7B99-099A-47BE-99DB-32F56B02863B}
		{5022F2A4-6ABA-4053-827F-F4FCA03F2152} = {17A4B124-85B5-4F8D-8494-EA8DBDB35AE6}
	EndGlobalSection
EndGlobal
